
Microsoft Visual Studio Solution File, Format Version 12.00
# Visual Studio 15
Project("{FAE04EC0-301F-11D3-BF4B-00C04F79EFBC}") = "04Generics", "04Generics\04Generics.csproj", "{E2A05245-73CC-4639-BE59-B65F28F26A71}"
EndProject
Global
	GlobalSection(SolutionConfigurationPlatforms) = preSolution
		Debug|anycpu = Debug|anycpu
		Release|anycpu = Release|anycpu
	EndGlobalSection
	GlobalSection(ProjectConfigurationPlatforms) = postSolution
		{E2A05245-73CC-4639-BE59-B65F28F26A71}.Debug|anycpu.ActiveCfg = Debug|anycpu
		{E2A05245-73CC-4639-BE59-B65F28F26A71}.Debug|anycpu.Build.0 = Debug|anycpu
		{E2A05245-73CC-4639-BE59-B65F28F26A71}.Release|anycpu.ActiveCfg = Release|anycpu
		{E2A05245-73CC-4639-BE59-B65F28F26A71}.Release|anycpu.Build.0 = Release|anycpu
	EndGlobalSection
EndGlobal
